<?xml version="1.0" encoding="utf-8"?>
<Project ToolsVersion="4.0" xmlns="http://schemas.microsoft.com/developer/msbuild/2003">
  <ItemGroup>
    <ClCompile Include="Game.cpp" />
    <ClCompile Include="InputHandler.cpp" />
    <ClCompile Include="Main.cpp" />
    <ClCompile Include="Observer.cpp" />
    <ClCompile Include="Action.cpp">
      <Filter>Actions</Filter>
    </ClCompile>
    <ClCompile Include="BattleScene.cpp">
      <Filter>Scenes</Filter>
    </ClCompile>
    <ClCompile Include="Hero.cpp">
      <Filter>Hero</Filter>
    </ClCompile>
    <ClCompile Include="NameAction.cpp">
      <Filter>Actions</Filter>
    </ClCompile>
    <ClCompile Include="Scene.cpp">
      <Filter>Scenes</Filter>
    </ClCompile>
    <ClCompile Include="SideAction.cpp">
      <Filter>Actions</Filter>
    </ClCompile>
    <ClCompile Include="TargetScene.cpp">
      <Filter>Scenes</Filter>
    </ClCompile>
    <ClCompile Include="TargetAction.cpp">
      <Filter>Actions</Filter>
    </ClCompile>
    <ClCompile Include="AutoIncrementer.cpp">
      <Filter>Wheels</Filter>
    </ClCompile>
    <ClCompile Include="StateMachine.cpp">
      <Filter>Wheels\StateMachine</Filter>
    </ClCompile>
    <ClCompile Include="StateNode.cpp">
      <Filter>Wheels\StateMachine</Filter>
    </ClCompile>
    <ClCompile Include="ExecuteAction.cpp">
      <Filter>Actions</Filter>
    </ClCompile>
    <ClCompile Include="NextAction.cpp">
      <Filter>Actions</Filter>
    </ClCompile>
    <ClCompile Include="PrevAction.cpp">
      <Filter>Actions</Filter>
    </ClCompile>
    <ClCompile Include="GraphicHero.cpp">
      <Filter>Graphic</Filter>
    </ClCompile>
    <ClCompile Include="Render.cpp">
      <Filter>Graphic</Filter>
    </ClCompile>
    <ClCompile Include="Dialog.cpp">
      <Filter>Graphic</Filter>
    </ClCompile>
    <ClCompile Include="Graphic.cpp">
      <Filter>Graphic</Filter>
    </ClCompile>
    <ClCompile Include="DialogScene.cpp">
      <Filter>Scenes</Filter>
    </ClCompile>
  </ItemGroup>
  <ItemGroup>
    <ClInclude Include="Game.h" />
    <ClInclude Include="InputHandler.h" />
    <ClInclude Include="Observer.h" />
    <ClInclude Include="Action.h">
      <Filter>Actions</Filter>
    </ClInclude>
    <ClInclude Include="BattleScene.h">
      <Filter>Scenes</Filter>
    </ClInclude>
    <ClInclude Include="Hero.h">
      <Filter>Hero</Filter>
    </ClInclude>
    <ClInclude Include="NameAction.h">
      <Filter>Actions</Filter>
    </ClInclude>
    <ClInclude Include="Scene.h">
      <Filter>Scenes</Filter>
    </ClInclude>
    <ClInclude Include="SideAction.h">
      <Filter>Actions</Filter>
    </ClInclude>
    <ClInclude Include="TargetScene.h">
      <Filter>Scenes</Filter>
    </ClInclude>
    <ClInclude Include="TargetAction.h">
      <Filter>Actions</Filter>
    </ClInclude>
    <ClInclude Include="AutoIncrementer.h">
      <Filter>Wheels</Filter>
    </ClInclude>
    <ClInclude Include="StateMachine.h">
      <Filter>Wheels\StateMachine</Filter>
    </ClInclude>
    <ClInclude Include="StateNode.h">
      <Filter>Wheels\StateMachine</Filter>
    </ClInclude>
    <ClInclude Include="TagXMLParser.h">
      <Filter>Wheels</Filter>
    </ClInclude>
    <ClInclude Include="ExecuteAction.h">
      <Filter>Actions</Filter>
    </ClInclude>
    <ClInclude Include="NextAction.h">
      <Filter>Actions</Filter>
    </ClInclude>
    <ClInclude Include="PrevAction.h">
      <Filter>Actions</Filter>
    </ClInclude>
    <ClInclude Include="Animation.h">
      <Filter>Animation</Filter>
    </ClInclude>
    <ClInclude Include="GraphicHero.h">
      <Filter>Graphic</Filter>
    </ClInclude>
    <ClInclude Include="Render.h">
      <Filter>Graphic</Filter>
    </ClInclude>
    <ClInclude Include="Dialog.h">
      <Filter>Graphic</Filter>
    </ClInclude>
    <ClInclude Include="Graphic.h">
      <Filter>Graphic</Filter>
    </ClInclude>
    <ClInclude Include="DialogScene.h">
      <Filter>Scenes</Filter>
    </ClInclude>
  </ItemGroup>
  <ItemGroup>
    <Xml Include="res\xml\Arthas.xml">
      <Filter>res\Xml</Filter>
    </Xml>
    <Xml Include="res\xml\Chosen.xml">
      <Filter>res\Xml</Filter>
    </Xml>
    <Xml Include="res\xml\Idle.xml">
      <Filter>res\Xml</Filter>
    </Xml>
    <Xml Include="res\xml\Scene.xml">
      <Filter>res\Xml</Filter>
    </Xml>
    <Xml Include="res\xml\Uther.xml">
      <Filter>res\Xml</Filter>
    </Xml>
  </ItemGroup>
  <ItemGroup>
    <Filter Include="Scenes">
      <UniqueIdentifier>{4da0e2b2-d60f-4a62-ba24-206a1b329b2e}</UniqueIdentifier>
    </Filter>
    <Filter Include="Actions">
      <UniqueIdentifier>{68ea5052-8670-4fb9-bec4-6a68e7b0f01f}</UniqueIdentifier>
    </Filter>
    <Filter Include="Hero">
      <UniqueIdentifier>{406dd72d-cfbf-4e53-b4c2-d8b25907f550}</UniqueIdentifier>
    </Filter>
    <Filter Include="Wheels">
      <UniqueIdentifier>{36aae6a4-b3a8-4029-a5bf-c0efd6c4357e}</UniqueIdentifier>
    </Filter>
    <Filter Include="Wheels\StateMachine">
      <UniqueIdentifier>{3aa71aec-bdb9-41ec-80e0-e0fca3f032c3}</UniqueIdentifier>
    </Filter>
    <Filter Include="res">
      <UniqueIdentifier>{78795056-97d7-47f7-9236-dd0d2f1a850b}</UniqueIdentifier>
    </Filter>
    <Filter Include="res\Xml">
      <UniqueIdentifier>{79d14d1e-8449-4625-b6e6-f111f197c41b}</UniqueIdentifier>
    </Filter>
    <Filter Include="Animation">
      <UniqueIdentifier>{9bf65d8f-03c5-44c6-ac8b-28afb6aee0be}</UniqueIdentifier>
    </Filter>
    <Filter Include="Graphic">
      <UniqueIdentifier>{96ea024a-1f73-47c3-b231-b3167f682f14}</UniqueIdentifier>
    </Filter>
  </ItemGroup>
  <ItemGroup>
    <Image Include="res\img\sprite_base_addon_2012_12_14.png">
      <Filter>res</Filter>
    </Image>
  </ItemGroup>
  <ItemGroup>
    <Text Include="Todo.txt">
      <Filter>res</Filter>
    </Text>
  </ItemGroup>
  <ItemGroup>
    <None Include="packages.config" />
  </ItemGroup>
</Project>