<?xml version="1.0" encoding="utf-8"?>
<Project ToolsVersion="4.0" xmlns="http://schemas.microsoft.com/developer/msbuild/2003">
  <ItemGroup>
    <Filter Include="Resource Files">
      <UniqueIdentifier>{67DA6AB6-F800-4c08-8B7A-83BB121AAD01}</UniqueIdentifier>
      <Extensions>rc;ico;cur;bmp;dlg;rc2;rct;bin;rgs;gif;jpg;jpeg;jpe;resx;tiff;tif;png;wav;mfcribbon-ms</Extensions>
    </Filter>
    <Filter Include="Actions">
      <UniqueIdentifier>{138eff8e-0bc7-47bb-b98d-09f4d939aa36}</UniqueIdentifier>
    </Filter>
    <Filter Include="Scenes">
      <UniqueIdentifier>{c95661db-7104-4601-a077-2fb51eb0ce11}</UniqueIdentifier>
    </Filter>
    <Filter Include="XML-parser">
      <UniqueIdentifier>{af39235a-ef73-4d04-ba80-578582f038db}</UniqueIdentifier>
    </Filter>
    <Filter Include="StateMachine">
      <UniqueIdentifier>{5b0ef17b-34d7-457f-95e3-b2c9f13d7e67}</UniqueIdentifier>
    </Filter>
    <Filter Include="Resource Files\Sprites">
      <UniqueIdentifier>{289b27ac-4df5-4ce6-8fbb-ff8f10f1e48c}</UniqueIdentifier>
    </Filter>
    <Filter Include="Resource Files\Heroes">
      <UniqueIdentifier>{78a5328f-c300-4929-b099-e615b99e2196}</UniqueIdentifier>
    </Filter>
    <Filter Include="Resource Files\Animations">
      <UniqueIdentifier>{defe1621-2475-426f-89a9-f2619536cbe1}</UniqueIdentifier>
    </Filter>
    <Filter Include="Resource Files\Scenes">
      <UniqueIdentifier>{6858d5cc-170e-4b2a-9d53-ccff45e4a3cc}</UniqueIdentifier>
    </Filter>
    <Filter Include="Hero">
      <UniqueIdentifier>{1663a47b-dadc-4593-890e-2b28ffe88a37}</UniqueIdentifier>
    </Filter>
  </ItemGroup>
  <ItemGroup>
    <ClCompile Include="SideAction.cpp">
      <Filter>Actions</Filter>
    </ClCompile>
    <ClCompile Include="NameAction.cpp">
      <Filter>Actions</Filter>
    </ClCompile>
    <ClCompile Include="TargetAction.cpp">
      <Filter>Actions</Filter>
    </ClCompile>
    <ClCompile Include="BattleScene.cpp">
      <Filter>Scenes</Filter>
    </ClCompile>
    <ClCompile Include="Scene.cpp">
      <Filter>Scenes</Filter>
    </ClCompile>
    <ClCompile Include="Action.cpp">
      <Filter>Actions</Filter>
    </ClCompile>
    <ClCompile Include="AutoIncrementer.cpp" />
    <ClCompile Include="Game.cpp" />
    <ClCompile Include="InputHandler.cpp" />
    <ClCompile Include="Main.cpp" />
    <ClCompile Include="Observer.cpp" />
    <ClCompile Include="Render.cpp" />
    <ClCompile Include="StateMachine.cpp">
      <Filter>StateMachine</Filter>
    </ClCompile>
    <ClCompile Include="StateNode.cpp">
      <Filter>StateMachine</Filter>
    </ClCompile>
    <ClCompile Include="GraphicHero.cpp">
      <Filter>Hero</Filter>
    </ClCompile>
    <ClCompile Include="Hero.cpp">
      <Filter>Hero</Filter>
    </ClCompile>
    <ClCompile Include="NextAction.cpp">
      <Filter>Actions</Filter>
    </ClCompile>
    <ClCompile Include="PrevAction.cpp">
      <Filter>Actions</Filter>
    </ClCompile>
    <ClCompile Include="ExecuteAction.cpp">
      <Filter>Actions</Filter>
    </ClCompile>
    <ClCompile Include="TargetScene.cpp">
      <Filter>Scenes</Filter>
    </ClCompile>
  </ItemGroup>
  <ItemGroup>
    <ClInclude Include="Action.h">
      <Filter>Actions</Filter>
    </ClInclude>
    <ClInclude Include="NameAction.h">
      <Filter>Actions</Filter>
    </ClInclude>
    <ClInclude Include="SideAction.h">
      <Filter>Actions</Filter>
    </ClInclude>
    <ClInclude Include="TargetAction.h">
      <Filter>Actions</Filter>
    </ClInclude>
    <ClInclude Include="BattleScene.h">
      <Filter>Scenes</Filter>
    </ClInclude>
    <ClInclude Include="Scene.h">
      <Filter>Scenes</Filter>
    </ClInclude>
    <ClInclude Include="TagXMLParser.h">
      <Filter>XML-parser</Filter>
    </ClInclude>
    <ClInclude Include="Render.h" />
    <ClInclude Include="AutoIncrementer.h" />
    <ClInclude Include="Game.h" />
    <ClInclude Include="InputHandler.h" />
    <ClInclude Include="Observer.h" />
    <ClInclude Include="StateMachine.h">
      <Filter>StateMachine</Filter>
    </ClInclude>
    <ClInclude Include="StateNode.h">
      <Filter>StateMachine</Filter>
    </ClInclude>
    <ClInclude Include="GraphicHero.h">
      <Filter>Hero</Filter>
    </ClInclude>
    <ClInclude Include="Hero.h">
      <Filter>Hero</Filter>
    </ClInclude>
    <ClInclude Include="NextAction.h">
      <Filter>Actions</Filter>
    </ClInclude>
    <ClInclude Include="PrevAction.h">
      <Filter>Actions</Filter>
    </ClInclude>
    <ClInclude Include="ExecuteAction.h">
      <Filter>Actions</Filter>
    </ClInclude>
    <ClInclude Include="TargetScene.h">
      <Filter>Scenes</Filter>
    </ClInclude>
  </ItemGroup>
  <ItemGroup>
    <Xml Include="res\xml\Arthas.xml">
      <Filter>Resource Files\Heroes</Filter>
    </Xml>
    <Xml Include="res\xml\Uther.xml">
      <Filter>Resource Files\Heroes</Filter>
    </Xml>
    <Xml Include="res\xml\Scene.xml">
      <Filter>Resource Files\Scenes</Filter>
    </Xml>
    <Xml Include="res\xml\Idle.xml">
      <Filter>Resource Files\Animations</Filter>
    </Xml>
    <Xml Include="res\xml\Chosen.xml">
      <Filter>Resource Files\Animations</Filter>
    </Xml>
  </ItemGroup>
  <ItemGroup>
    <Image Include="res\img\sprite_base_addon_2012_12_14.png">
      <Filter>Resource Files\Sprites</Filter>
    </Image>
  </ItemGroup>
  <ItemGroup>
    <Text Include="Todo.txt">
      <Filter>Resource Files</Filter>
    </Text>
  </ItemGroup>
</Project>